
Microsoft Visual Studio Solution File, Format Version 12.00
# Visual Studio 2013
VisualStudioVersion = 12.0.40629.0
MinimumVisualStudioVersion = 10.0.40219.1
Project("{FAE04EC0-301F-11D3-BF4B-00C04F79EFBC}") = "Web", "Web\Web.csproj", "{4EB20B1D-0564-4B91-B5BE-6EB56E4796B7}"
EndProject
Project("{FAE04EC0-301F-11D3-BF4B-00C04F79EFBC}") = "Web.Tests", "Web.Tests\Web.Tests.csproj", "{8FAA5C04-A767-4811-BF23-0CB536150456}"
EndProject
Project("{FAE04EC0-301F-11D3-BF4B-00C04F79EFBC}") = "Model", "Model\Model.csproj", "{9E15916A-44D1-48FE-A1C7-E9C8302DA01D}"
EndProject
Project("{FAE04EC0-301F-11D3-BF4B-00C04F79EFBC}") = "Repository", "Repository\Repository.csproj", "{404BBBB2-404E-4239-917C-7A28CD5E89AA}"
EndProject
Project("{FAE04EC0-301F-11D3-BF4B-00C04F79EFBC}") = "Service", "Service\Service.csproj", "{7D2B9413-A0C3-448D-8642-E82E9C16526E}"
EndProject
Project("{FAE04EC0-301F-11D3-BF4B-00C04F79EFBC}") = "Common", "Common\Common.csproj", "{9D9BEE0D-5A9D-4610-B586-E3251E0C702F}"
EndProject
Global
	GlobalSection(SolutionConfigurationPlatforms) = preSolution
		Debug|Any CPU = Debug|Any CPU
		Release|Any CPU = Release|Any CPU
	EndGlobalSection
	GlobalSection(ProjectConfigurationPlatforms) = postSolution
		{4EB20B1D-0564-4B91-B5BE-6EB56E4796B7}.Debug|Any CPU.ActiveCfg = Debug|Any CPU
		{4EB20B1D-0564-4B91-B5BE-6EB56E4796B7}.Debug|Any CPU.Build.0 = Debug|Any CPU
		{4EB20B1D-0564-4B91-B5BE-6EB56E4796B7}.Release|Any CPU.ActiveCfg = Release|Any CPU
		{4EB20B1D-0564-4B91-B5BE-6EB56E4796B7}.Release|Any CPU.Build.0 = Release|Any CPU
		{8FAA5C04-A767-4811-BF23-0CB536150456}.Debug|Any CPU.ActiveCfg = Debug|Any CPU
		{8FAA5C04-A767-4811-BF23-0CB536150456}.Debug|Any CPU.Build.0 = Debug|Any CPU
		{8FAA5C04-A767-4811-BF23-0CB536150456}.Release|Any CPU.ActiveCfg = Release|Any CPU
		{8FAA5C04-A767-4811-BF23-0CB536150456}.Release|Any CPU.Build.0 = Release|Any CPU
		{9E15916A-44D1-48FE-A1C7-E9C8302DA01D}.Debug|Any CPU.ActiveCfg = Debug|Any CPU
		{9E15916A-44D1-48FE-A1C7-E9C8302DA01D}.Debug|Any CPU.Build.0 = Debug|Any CPU
		{9E15916A-44D1-48FE-A1C7-E9C8302DA01D}.Release|Any CPU.ActiveCfg = Release|Any CPU
		{9E15916A-44D1-48FE-A1C7-E9C8302DA01D}.Release|Any CPU.Build.0 = Release|Any CPU
		{404BBBB2-404E-4239-917C-7A28CD5E89AA}.Debug|Any CPU.ActiveCfg = Debug|Any CPU
		{404BBBB2-404E-4239-917C-7A28CD5E89AA}.Debug|Any CPU.Build.0 = Debug|Any CPU
		{404BBBB2-404E-4239-917C-7A28CD5E89AA}.Release|Any CPU.ActiveCfg = Release|Any CPU
		{404BBBB2-404E-4239-917C-7A28CD5E89AA}.Release|Any CPU.Build.0 = Release|Any CPU
		{7D2B9413-A0C3-448D-8642-E82E9C16526E}.Debug|Any CPU.ActiveCfg = Debug|Any CPU
		{7D2B9413-A0C3-448D-8642-E82E9C16526E}.Debug|Any CPU.Build.0 = Debug|Any CPU
		{7D2B9413-A0C3-448D-8642-E82E9C16526E}.Release|Any CPU.ActiveCfg = Release|Any CPU
		{7D2B9413-A0C3-448D-8642-E82E9C16526E}.Release|Any CPU.Build.0 = Release|Any CPU
		{9D9BEE0D-5A9D-4610-B586-E3251E0C702F}.Debug|Any CPU.ActiveCfg = Debug|Any CPU
		{9D9BEE0D-5A9D-4610-B586-E3251E0C702F}.Debug|Any CPU.Build.0 = Debug|Any CPU
		{9D9BEE0D-5A9D-4610-B586-E3251E0C702F}.Release|Any CPU.ActiveCfg = Release|Any CPU
		{9D9BEE0D-5A9D-4610-B586-E3251E0C702F}.Release|Any CPU.Build.0 = Release|Any CPU
	EndGlobalSection
	GlobalSection(SolutionProperties) = preSolution
		HideSolutionNode = FALSE
	EndGlobalSection
EndGlobal
